
Microsoft Visual Studio Solution File, Format Version 12.00
# Visual Studio Version 16
VisualStudioVersion = 16.0.29411.108
MinimumVisualStudioVersion = 10.0.40219.1
Project("{9A19103F-16F7-4668-BE54-9A1E7A4F7556}") = "Towiccho.Server", "Towiccho.Server\Towiccho.Server.csproj", "{438ADF96-C1C5-4E3A-AEF1-4082E13CFEB4}"
EndProject
Global
	GlobalSection(SolutionConfigurationPlatforms) = preSolution
		Debug|Any CPU = Debug|Any CPU
		Release|Any CPU = Release|Any CPU
	EndGlobalSection
	GlobalSection(ProjectConfigurationPlatforms) = postSolution
		{438ADF96-C1C5-4E3A-AEF1-4082E13CFEB4}.Debug|Any CPU.ActiveCfg = Debug|Any CPU
		{438ADF96-C1C5-4E3A-AEF1-4082E13CFEB4}.Debug|Any CPU.Build.0 = Debug|Any CPU
		{438ADF96-C1C5-4E3A-AEF1-4082E13CFEB4}.Release|Any CPU.ActiveCfg = Release|Any CPU
		{438ADF96-C1C5-4E3A-AEF1-4082E13CFEB4}.Release|Any CPU.Build.0 = Release|Any CPU
	EndGlobalSection
	GlobalSection(SolutionProperties) = preSolution
		HideSolutionNode = FALSE
	EndGlobalSection
	GlobalSection(ExtensibilityGlobals) = postSolution
		SolutionGuid = {F9AE8CCA-15BF-441E-9F14-E84E77F4B123}
	EndGlobalSection
EndGlobal
